dependencies:
- name: keycloakx
  repository: https://codecentric.github.io/helm-charts/
  version: 2.1.0
- name: postgresql
  repository: https://charts.bitnami.com/bitnami
  version: 12.2.7
digest: sha256:0331e27e81a47dba96ecf03502cacef2afe12ebfe88d972e2203a523b95bc300
generated: "2023-04-10T15:14:40.425300396-05:00"
